{
  "pins" : [
    {
      "identity" : "swift-syntax",
      "kind" : "remoteSourceControl",
      "location" : "https://github.com/apple/swift-syntax.git",
      "state" : {
        "revision" : "64889f0c732f210a935a0ad7cda38f77f876262d",
        "version" : "509.1.1"
      }
    },
    {
      "identity" : "tree-sitter",
      "kind" : "remoteSourceControl",
      "location" : "https://github.com/daspoon/tree-sitter",
      "state" : {
        "revision" : "d659494a7ca789d6c2a014a046204140d71fc4c3",
        "version" : "0.1.4"
      }
    }
  ],
  "version" : 2
}
